
Microsoft Visual Studio Solution File, Format Version 12.00
# Visual Studio Version 17
VisualStudioVersion = 17.2.32616.157
MinimumVisualStudioVersion = 10.0.40219.1
Project("{FAE04EC0-301F-11D3-BF4B-00C04F79EFBC}") = "AppEmpresa", "AppEmpresa\AppEmpresa.csproj", "{307348A0-9966-4EED-91B4-1D8B52897829}"
EndProject
Global
	GlobalSection(SolutionConfigurationPlatforms) = preSolution
		Debug|Any CPU = Debug|Any CPU
		Release|Any CPU = Release|Any CPU
	EndGlobalSection
	GlobalSection(ProjectConfigurationPlatforms) = postSolution
		{307348A0-9966-4EED-91B4-1D8B52897829}.Debug|Any CPU.ActiveCfg = Debug|Any CPU
		{307348A0-9966-4EED-91B4-1D8B52897829}.Debug|Any CPU.Build.0 = Debug|Any CPU
		{307348A0-9966-4EED-91B4-1D8B52897829}.Release|Any CPU.ActiveCfg = Release|Any CPU
		{307348A0-9966-4EED-91B4-1D8B52897829}.Release|Any CPU.Build.0 = Release|Any CPU
	EndGlobalSection
	GlobalSection(SolutionProperties) = preSolution
		HideSolutionNode = FALSE
	EndGlobalSection
	GlobalSection(ExtensibilityGlobals) = postSolution
		SolutionGuid = {CB613047-4221-45E3-9057-F74963EF09EE}
	EndGlobalSection
EndGlobal
